
Microsoft Visual Studio Solution File, Format Version 12.00
Project("{2150E333-8FDC-42A3-9474-1A3956D46DE8}") = "3.Sqs", "3.Sqs", "{AE28BEE1-B578-439A-B596-D991B9851F5A}"
EndProject
Project("{2150E333-8FDC-42A3-9474-1A3956D46DE8}") = "4.Sns", "4.Sns", "{BA648C25-CB9E-4FAA-AF91-86A37CCEA382}"
EndProject
Project("{2150E333-8FDC-42A3-9474-1A3956D46DE8}") = "5.DynamoDb", "5.DynamoDb", "{2C17779A-FD5B-4980-BEB0-4A19912178B7}"
EndProject
Project("{2150E333-8FDC-42A3-9474-1A3956D46DE8}") = "6.S3", "6.S3", "{6CC73189-9356-4EE7-B061-73D9395C30AC}"
EndProject
Project("{2150E333-8FDC-42A3-9474-1A3956D46DE8}") = "7.SecretsManager", "7.SecretsManager", "{8D27D9CA-8D14-4CD6-9827-A0837CFB03C3}"
EndProject
Project("{2150E333-8FDC-42A3-9474-1A3956D46DE8}") = "8.Lambda", "8.Lambda", "{DC84F474-F046-44B8-8D2E-BCE6A285FDF5}"
EndProject
Project("{FAE04EC0-301F-11D3-BF4B-00C04F79EFBC}") = "SqsPublisher", "3.Sqs\SqsPublisher\SqsPublisher.csproj", "{E15F3B18-A330-4BA1-A88E-73AC95B83E80}"
EndProject
Project("{FAE04EC0-301F-11D3-BF4B-00C04F79EFBC}") = "SqsConsumer", "3.Sqs\SqsConsumer\SqsConsumer.csproj", "{4C9A6F9D-D943-4ADF-BA28-7A9A1E327A81}"
EndProject
Project("{FAE04EC0-301F-11D3-BF4B-00C04F79EFBC}") = "Customers.Api", "3.Sqs\Customers.Api\Customers.Api.csproj", "{58B37399-C2C0-4F6C-A06F-DEB8F78AA0D1}"
EndProject
Project("{FAE04EC0-301F-11D3-BF4B-00C04F79EFBC}") = "Customers.Consumer", "3.Sqs\Customers.Consumer\Customers.Consumer.csproj", "{358DFABE-91A7-47BC-AD63-C933BA6EAAD1}"
EndProject
Project("{FAE04EC0-301F-11D3-BF4B-00C04F79EFBC}") = "Customers.Api", "4.Sns\Customers.Api\Customers.Api.csproj", "{A3B2E371-F30D-4D0D-9D2B-5BBE271BCF84}"
EndProject
Project("{FAE04EC0-301F-11D3-BF4B-00C04F79EFBC}") = "Customers.Consumer", "4.Sns\Customers.Consumer\Customers.Consumer.csproj", "{752EF227-91AF-44FA-8401-3F26AC0C60EE}"
EndProject
Project("{FAE04EC0-301F-11D3-BF4B-00C04F79EFBC}") = "SqsConsumer", "4.Sns\SqsConsumer\SqsConsumer.csproj", "{64390750-9B0B-4CB7-BD82-5178F7460CFC}"
EndProject
Project("{FAE04EC0-301F-11D3-BF4B-00C04F79EFBC}") = "SnsPublisher", "4.Sns\SnsPublisher\SnsPublisher.csproj", "{2A703A18-F5B0-46E0-A7B7-3E7A65B59CCE}"
EndProject
Project("{FAE04EC0-301F-11D3-BF4B-00C04F79EFBC}") = "Customers.Api", "5.DynamoDb\Customers.Api\Customers.Api.csproj", "{695C7EC0-70CC-4A68-A9ED-2E13CB7E0E6A}"
EndProject
Project("{FAE04EC0-301F-11D3-BF4B-00C04F79EFBC}") = "Movies.App", "5.DynamoDb\Movies.App\Movies.App.csproj", "{1E3BFA9B-C1DA-4DCF-8CA5-343474FAA4D6}"
EndProject
Project("{FAE04EC0-301F-11D3-BF4B-00C04F79EFBC}") = "S3Playground", "6.S3\S3Playground\S3Playground.csproj", "{187FEBA1-1FD8-4AF2-8C05-7FF14B146C64}"
EndProject
Project("{FAE04EC0-301F-11D3-BF4B-00C04F79EFBC}") = "Customers.Api", "6.S3\Customers.Api\Customers.Api.csproj", "{C7279C6B-0059-4643-B540-795C180BC558}"
EndProject
Project("{FAE04EC0-301F-11D3-BF4B-00C04F79EFBC}") = "Weather.Api", "7.SecretsManager\Weather.Api\Weather.Api.csproj", "{7424BBD5-FE50-4BE0-9341-A84D27475971}"
EndProject
Project("{FAE04EC0-301F-11D3-BF4B-00C04F79EFBC}") = "SecretsManager.App", "7.SecretsManager\SecretsManager.App\SecretsManager.App.csproj", "{2DCF3E87-D584-418C-B4D9-92303070FC64}"
EndProject
Project("{FAE04EC0-301F-11D3-BF4B-00C04F79EFBC}") = "SimpleApiLambda", "8.Lambda\SimpleApiLambda\SimpleApiLambda.csproj", "{C93A7B03-7CD2-4F97-B416-346C34C2A1AF}"
EndProject
Project("{FAE04EC0-301F-11D3-BF4B-00C04F79EFBC}") = "SimpleCustomLambda", "8.Lambda\SimpleCustomLambda\SimpleCustomLambda.csproj", "{80759694-7ABD-4C02-B793-69136EB8D1B9}"
EndProject
Project("{FAE04EC0-301F-11D3-BF4B-00C04F79EFBC}") = "SimpleDynamoDbLambda", "8.Lambda\SimpleDynamoDbLambda\SimpleDynamoDbLambda.csproj", "{B4F826E1-0DC4-4DD3-B100-7ACEC4EBA80E}"
EndProject
Project("{FAE04EC0-301F-11D3-BF4B-00C04F79EFBC}") = "SimpleHttpLambda", "8.Lambda\SimpleHttpLambda\SimpleHttpLambda.csproj", "{EE30B9A1-767A-4A22-9927-D45130B4DC56}"
EndProject
Project("{FAE04EC0-301F-11D3-BF4B-00C04F79EFBC}") = "SimpleLambda", "8.Lambda\SimpleLambda\SimpleLambda.csproj", "{4027F9F4-1A36-4F93-BD1F-0145D5228D57}"
EndProject
Project("{FAE04EC0-301F-11D3-BF4B-00C04F79EFBC}") = "SimpleSnsLambda", "8.Lambda\SimpleSnsLambda\SimpleSnsLambda.csproj", "{8CD88480-5AC6-4663-9000-7A47E937EE9E}"
EndProject
Project("{FAE04EC0-301F-11D3-BF4B-00C04F79EFBC}") = "SimpleS3Lambda", "8.Lambda\SimpleS3Lambda\SimpleS3Lambda.csproj", "{8B8A7381-9158-4A73-AA2D-6DB2EDCAF239}"
EndProject
Project("{FAE04EC0-301F-11D3-BF4B-00C04F79EFBC}") = "SimpleSqsLambda", "8.Lambda\SimpleSqsLambda\SimpleSqsLambda.csproj", "{A57C4298-AE2E-4BEE-AA28-A1343539A9A3}"
EndProject
Global
	GlobalSection(SolutionConfigurationPlatforms) = preSolution
		Debug|Any CPU = Debug|Any CPU
		Release|Any CPU = Release|Any CPU
	EndGlobalSection
	GlobalSection(NestedProjects) = preSolution
		{E15F3B18-A330-4BA1-A88E-73AC95B83E80} = {AE28BEE1-B578-439A-B596-D991B9851F5A}
		{4C9A6F9D-D943-4ADF-BA28-7A9A1E327A81} = {AE28BEE1-B578-439A-B596-D991B9851F5A}
		{58B37399-C2C0-4F6C-A06F-DEB8F78AA0D1} = {AE28BEE1-B578-439A-B596-D991B9851F5A}
		{358DFABE-91A7-47BC-AD63-C933BA6EAAD1} = {AE28BEE1-B578-439A-B596-D991B9851F5A}
		{A3B2E371-F30D-4D0D-9D2B-5BBE271BCF84} = {BA648C25-CB9E-4FAA-AF91-86A37CCEA382}
		{752EF227-91AF-44FA-8401-3F26AC0C60EE} = {BA648C25-CB9E-4FAA-AF91-86A37CCEA382}
		{64390750-9B0B-4CB7-BD82-5178F7460CFC} = {BA648C25-CB9E-4FAA-AF91-86A37CCEA382}
		{2A703A18-F5B0-46E0-A7B7-3E7A65B59CCE} = {BA648C25-CB9E-4FAA-AF91-86A37CCEA382}
		{695C7EC0-70CC-4A68-A9ED-2E13CB7E0E6A} = {2C17779A-FD5B-4980-BEB0-4A19912178B7}
		{1E3BFA9B-C1DA-4DCF-8CA5-343474FAA4D6} = {2C17779A-FD5B-4980-BEB0-4A19912178B7}
		{187FEBA1-1FD8-4AF2-8C05-7FF14B146C64} = {6CC73189-9356-4EE7-B061-73D9395C30AC}
		{C7279C6B-0059-4643-B540-795C180BC558} = {6CC73189-9356-4EE7-B061-73D9395C30AC}
		{7424BBD5-FE50-4BE0-9341-A84D27475971} = {8D27D9CA-8D14-4CD6-9827-A0837CFB03C3}
		{2DCF3E87-D584-418C-B4D9-92303070FC64} = {8D27D9CA-8D14-4CD6-9827-A0837CFB03C3}
		{C93A7B03-7CD2-4F97-B416-346C34C2A1AF} = {DC84F474-F046-44B8-8D2E-BCE6A285FDF5}
		{80759694-7ABD-4C02-B793-69136EB8D1B9} = {DC84F474-F046-44B8-8D2E-BCE6A285FDF5}
		{B4F826E1-0DC4-4DD3-B100-7ACEC4EBA80E} = {DC84F474-F046-44B8-8D2E-BCE6A285FDF5}
		{EE30B9A1-767A-4A22-9927-D45130B4DC56} = {DC84F474-F046-44B8-8D2E-BCE6A285FDF5}
		{4027F9F4-1A36-4F93-BD1F-0145D5228D57} = {DC84F474-F046-44B8-8D2E-BCE6A285FDF5}
		{8CD88480-5AC6-4663-9000-7A47E937EE9E} = {DC84F474-F046-44B8-8D2E-BCE6A285FDF5}
		{8B8A7381-9158-4A73-AA2D-6DB2EDCAF239} = {DC84F474-F046-44B8-8D2E-BCE6A285FDF5}
		{A57C4298-AE2E-4BEE-AA28-A1343539A9A3} = {DC84F474-F046-44B8-8D2E-BCE6A285FDF5}
	EndGlobalSection
	GlobalSection(ProjectConfigurationPlatforms) = postSolution
		{E15F3B18-A330-4BA1-A88E-73AC95B83E80}.Debug|Any CPU.ActiveCfg = Debug|Any CPU
		{E15F3B18-A330-4BA1-A88E-73AC95B83E80}.Debug|Any CPU.Build.0 = Debug|Any CPU
		{E15F3B18-A330-4BA1-A88E-73AC95B83E80}.Release|Any CPU.ActiveCfg = Release|Any CPU
		{E15F3B18-A330-4BA1-A88E-73AC95B83E80}.Release|Any CPU.Build.0 = Release|Any CPU
		{4C9A6F9D-D943-4ADF-BA28-7A9A1E327A81}.Debug|Any CPU.ActiveCfg = Debug|Any CPU
		{4C9A6F9D-D943-4ADF-BA28-7A9A1E327A81}.Debug|Any CPU.Build.0 = Debug|Any CPU
		{4C9A6F9D-D943-4ADF-BA28-7A9A1E327A81}.Release|Any CPU.ActiveCfg = Release|Any CPU
		{4C9A6F9D-D943-4ADF-BA28-7A9A1E327A81}.Release|Any CPU.Build.0 = Release|Any CPU
		{58B37399-C2C0-4F6C-A06F-DEB8F78AA0D1}.Debug|Any CPU.ActiveCfg = Debug|Any CPU
		{58B37399-C2C0-4F6C-A06F-DEB8F78AA0D1}.Debug|Any CPU.Build.0 = Debug|Any CPU
		{58B37399-C2C0-4F6C-A06F-DEB8F78AA0D1}.Release|Any CPU.ActiveCfg = Release|Any CPU
		{58B37399-C2C0-4F6C-A06F-DEB8F78AA0D1}.Release|Any CPU.Build.0 = Release|Any CPU
		{358DFABE-91A7-47BC-AD63-C933BA6EAAD1}.Debug|Any CPU.ActiveCfg = Debug|Any CPU
		{358DFABE-91A7-47BC-AD63-C933BA6EAAD1}.Debug|Any CPU.Build.0 = Debug|Any CPU
		{358DFABE-91A7-47BC-AD63-C933BA6EAAD1}.Release|Any CPU.ActiveCfg = Release|Any CPU
		{358DFABE-91A7-47BC-AD63-C933BA6EAAD1}.Release|Any CPU.Build.0 = Release|Any CPU
		{A3B2E371-F30D-4D0D-9D2B-5BBE271BCF84}.Debug|Any CPU.ActiveCfg = Debug|Any CPU
		{A3B2E371-F30D-4D0D-9D2B-5BBE271BCF84}.Debug|Any CPU.Build.0 = Debug|Any CPU
		{A3B2E371-F30D-4D0D-9D2B-5BBE271BCF84}.Release|Any CPU.ActiveCfg = Release|Any CPU
		{A3B2E371-F30D-4D0D-9D2B-5BBE271BCF84}.Release|Any CPU.Build.0 = Release|Any CPU
		{752EF227-91AF-44FA-8401-3F26AC0C60EE}.Debug|Any CPU.ActiveCfg = Debug|Any CPU
		{752EF227-91AF-44FA-8401-3F26AC0C60EE}.Debug|Any CPU.Build.0 = Debug|Any CPU
		{752EF227-91AF-44FA-8401-3F26AC0C60EE}.Release|Any CPU.ActiveCfg = Release|Any CPU
		{752EF227-91AF-44FA-8401-3F26AC0C60EE}.Release|Any CPU.Build.0 = Release|Any CPU
		{64390750-9B0B-4CB7-BD82-5178F7460CFC}.Debug|Any CPU.ActiveCfg = Debug|Any CPU
		{64390750-9B0B-4CB7-BD82-5178F7460CFC}.Debug|Any CPU.Build.0 = Debug|Any CPU
		{64390750-9B0B-4CB7-BD82-5178F7460CFC}.Release|Any CPU.ActiveCfg = Release|Any CPU
		{64390750-9B0B-4CB7-BD82-5178F7460CFC}.Release|Any CPU.Build.0 = Release|Any CPU
		{2A703A18-F5B0-46E0-A7B7-3E7A65B59CCE}.Debug|Any CPU.ActiveCfg = Debug|Any CPU
		{2A703A18-F5B0-46E0-A7B7-3E7A65B59CCE}.Debug|Any CPU.Build.0 = Debug|Any CPU
		{2A703A18-F5B0-46E0-A7B7-3E7A65B59CCE}.Release|Any CPU.ActiveCfg = Release|Any CPU
		{2A703A18-F5B0-46E0-A7B7-3E7A65B59CCE}.Release|Any CPU.Build.0 = Release|Any CPU
		{695C7EC0-70CC-4A68-A9ED-2E13CB7E0E6A}.Debug|Any CPU.ActiveCfg = Debug|Any CPU
		{695C7EC0-70CC-4A68-A9ED-2E13CB7E0E6A}.Debug|Any CPU.Build.0 = Debug|Any CPU
		{695C7EC0-70CC-4A68-A9ED-2E13CB7E0E6A}.Release|Any CPU.ActiveCfg = Release|Any CPU
		{695C7EC0-70CC-4A68-A9ED-2E13CB7E0E6A}.Release|Any CPU.Build.0 = Release|Any CPU
		{1E3BFA9B-C1DA-4DCF-8CA5-343474FAA4D6}.Debug|Any CPU.ActiveCfg = Debug|Any CPU
		{1E3BFA9B-C1DA-4DCF-8CA5-343474FAA4D6}.Debug|Any CPU.Build.0 = Debug|Any CPU
		{1E3BFA9B-C1DA-4DCF-8CA5-343474FAA4D6}.Release|Any CPU.ActiveCfg = Release|Any CPU
		{1E3BFA9B-C1DA-4DCF-8CA5-343474FAA4D6}.Release|Any CPU.Build.0 = Release|Any CPU
		{187FEBA1-1FD8-4AF2-8C05-7FF14B146C64}.Debug|Any CPU.ActiveCfg = Debug|Any CPU
		{187FEBA1-1FD8-4AF2-8C05-7FF14B146C64}.Debug|Any CPU.Build.0 = Debug|Any CPU
		{187FEBA1-1FD8-4AF2-8C05-7FF14B146C64}.Release|Any CPU.ActiveCfg = Release|Any CPU
		{187FEBA1-1FD8-4AF2-8C05-7FF14B146C64}.Release|Any CPU.Build.0 = Release|Any CPU
		{C7279C6B-0059-4643-B540-795C180BC558}.Debug|Any CPU.ActiveCfg = Debug|Any CPU
		{C7279C6B-0059-4643-B540-795C180BC558}.Debug|Any CPU.Build.0 = Debug|Any CPU
		{C7279C6B-0059-4643-B540-795C180BC558}.Release|Any CPU.ActiveCfg = Release|Any CPU
		{C7279C6B-0059-4643-B540-795C180BC558}.Release|Any CPU.Build.0 = Release|Any CPU
		{7424BBD5-FE50-4BE0-9341-A84D27475971}.Debug|Any CPU.ActiveCfg = Debug|Any CPU
		{7424BBD5-FE50-4BE0-9341-A84D27475971}.Debug|Any CPU.Build.0 = Debug|Any CPU
		{7424BBD5-FE50-4BE0-9341-A84D27475971}.Release|Any CPU.ActiveCfg = Release|Any CPU
		{7424BBD5-FE50-4BE0-9341-A84D27475971}.Release|Any CPU.Build.0 = Release|Any CPU
		{2DCF3E87-D584-418C-B4D9-92303070FC64}.Debug|Any CPU.ActiveCfg = Debug|Any CPU
		{2DCF3E87-D584-418C-B4D9-92303070FC64}.Debug|Any CPU.Build.0 = Debug|Any CPU
		{2DCF3E87-D584-418C-B4D9-92303070FC64}.Release|Any CPU.ActiveCfg = Release|Any CPU
		{2DCF3E87-D584-418C-B4D9-92303070FC64}.Release|Any CPU.Build.0 = Release|Any CPU
		{C93A7B03-7CD2-4F97-B416-346C34C2A1AF}.Debug|Any CPU.ActiveCfg = Debug|Any CPU
		{C93A7B03-7CD2-4F97-B416-346C34C2A1AF}.Debug|Any CPU.Build.0 = Debug|Any CPU
		{C93A7B03-7CD2-4F97-B416-346C34C2A1AF}.Release|Any CPU.ActiveCfg = Release|Any CPU
		{C93A7B03-7CD2-4F97-B416-346C34C2A1AF}.Release|Any CPU.Build.0 = Release|Any CPU
		{80759694-7ABD-4C02-B793-69136EB8D1B9}.Debug|Any CPU.ActiveCfg = Debug|Any CPU
		{80759694-7ABD-4C02-B793-69136EB8D1B9}.Debug|Any CPU.Build.0 = Debug|Any CPU
		{80759694-7ABD-4C02-B793-69136EB8D1B9}.Release|Any CPU.ActiveCfg = Release|Any CPU
		{80759694-7ABD-4C02-B793-69136EB8D1B9}.Release|Any CPU.Build.0 = Release|Any CPU
		{B4F826E1-0DC4-4DD3-B100-7ACEC4EBA80E}.Debug|Any CPU.ActiveCfg = Debug|Any CPU
		{B4F826E1-0DC4-4DD3-B100-7ACEC4EBA80E}.Debug|Any CPU.Build.0 = Debug|Any CPU
		{B4F826E1-0DC4-4DD3-B100-7ACEC4EBA80E}.Release|Any CPU.ActiveCfg = Release|Any CPU
		{B4F826E1-0DC4-4DD3-B100-7ACEC4EBA80E}.Release|Any CPU.Build.0 = Release|Any CPU
		{EE30B9A1-767A-4A22-9927-D45130B4DC56}.Debug|Any CPU.ActiveCfg = Debug|Any CPU
		{EE30B9A1-767A-4A22-9927-D45130B4DC56}.Debug|Any CPU.Build.0 = Debug|Any CPU
		{EE30B9A1-767A-4A22-9927-D45130B4DC56}.Release|Any CPU.ActiveCfg = Release|Any CPU
		{EE30B9A1-767A-4A22-9927-D45130B4DC56}.Release|Any CPU.Build.0 = Release|Any CPU
		{4027F9F4-1A36-4F93-BD1F-0145D5228D57}.Debug|Any CPU.ActiveCfg = Debug|Any CPU
		{4027F9F4-1A36-4F93-BD1F-0145D5228D57}.Debug|Any CPU.Build.0 = Debug|Any CPU
		{4027F9F4-1A36-4F93-BD1F-0145D5228D57}.Release|Any CPU.ActiveCfg = Release|Any CPU
		{4027F9F4-1A36-4F93-BD1F-0145D5228D57}.Release|Any CPU.Build.0 = Release|Any CPU
		{8CD88480-5AC6-4663-9000-7A47E937EE9E}.Debug|Any CPU.ActiveCfg = Debug|Any CPU
		{8CD88480-5AC6-4663-9000-7A47E937EE9E}.Debug|Any CPU.Build.0 = Debug|Any CPU
		{8CD88480-5AC6-4663-9000-7A47E937EE9E}.Release|Any CPU.ActiveCfg = Release|Any CPU
		{8CD88480-5AC6-4663-9000-7A47E937EE9E}.Release|Any CPU.Build.0 = Release|Any CPU
		{8B8A7381-9158-4A73-AA2D-6DB2EDCAF239}.Debug|Any CPU.ActiveCfg = Debug|Any CPU
		{8B8A7381-9158-4A73-AA2D-6DB2EDCAF239}.Debug|Any CPU.Build.0 = Debug|Any CPU
		{8B8A7381-9158-4A73-AA2D-6DB2EDCAF239}.Release|Any CPU.ActiveCfg = Release|Any CPU
		{8B8A7381-9158-4A73-AA2D-6DB2EDCAF239}.Release|Any CPU.Build.0 = Release|Any CPU
		{A57C4298-AE2E-4BEE-AA28-A1343539A9A3}.Debug|Any CPU.ActiveCfg = Debug|Any CPU
		{A57C4298-AE2E-4BEE-AA28-A1343539A9A3}.Debug|Any CPU.Build.0 = Debug|Any CPU
		{A57C4298-AE2E-4BEE-AA28-A1343539A9A3}.Release|Any CPU.ActiveCfg = Release|Any CPU
		{A57C4298-AE2E-4BEE-AA28-A1343539A9A3}.Release|Any CPU.Build.0 = Release|Any CPU
	EndGlobalSection
EndGlobal
